{
  "name": "algo-challenges",
  "version": "1.0.0",
  "lockfileVersion": 3,
  "requires": true,
  "packages": {
    "": {
      "name": "algo-challenges",
      "version": "1.0.0",
      "license": "ISC",
      "dependencies": {
        "@datastructures-js/priority-queue": "^6.3.1",
        "yallist": "^4.0.0"
      }
    },
    "node_modules/@datastructures-js/heap": {
      "version": "4.3.3",
      "resolved": "https://registry.npmjs.org/@datastructures-js/heap/-/heap-4.3.3.tgz",
      "integrity": "sha512-UcUu/DLh/aM4W3C8zZfwxxm6/6FIZUlm3mcAXuNOCa6Aj4iizNvNXQyb8DjZQH2jKSQbMRyNlngP6TPimuGjpQ=="
    },
    "node_modules/@datastructures-js/priority-queue": {
      "version": "6.3.1",
      "resolved": "https://registry.npmjs.org/@datastructures-js/priority-queue/-/priority-queue-6.3.1.tgz",
      "integrity": "sha512-eoxkWql/j0VJ0UFMFTpnyJz4KbEEVQ6aZ/JuJUgenu0Im4tYKylAycNGsYCHGXiVNEd7OKGVwfx1Ac3oYkuu7A==",
      "dependencies": {
        "@datastructures-js/heap": "^4.3.3"
      }
    },
    "node_modules/yallist": {
      "version": "4.0.0",
      "resolved": "https://registry.npmjs.org/yallist/-/yallist-4.0.0.tgz",
      "integrity": "sha512-3wdGidZyq5PB084XLES5TpOSRA3wjXAlIWMhum2kRcv/41Sn2emQ0dycQW4uZXLejwKvg6EsvbdlVL+FYEct7A=="
    }
  }
}
